
Microsoft Visual Studio Solution File, Format Version 12.00
# Visual Studio Version 16
VisualStudioVersion = 16.0.30114.105
MinimumVisualStudioVersion = 10.0.40219.1
Project("{2150E333-8FDC-42A3-9474-1A3956D46DE8}") = "src", "src", "{0CE9041F-820C-48F8-AA58-C8D3778F1B8F}"
EndProject
Project("{FAE04EC0-301F-11D3-BF4B-00C04F79EFBC}") = "Manager.API", "src\Manager.API\Manager.API.csproj", "{6CB357BB-356F-4401-9813-A7969A9AD561}"
EndProject
Project("{FAE04EC0-301F-11D3-BF4B-00C04F79EFBC}") = "Manager.Core", "src\Manager.Core\Manager.Core.csproj", "{27ECBD0D-3FDB-4FB9-9696-C4C774EBEF98}"
EndProject
Project("{FAE04EC0-301F-11D3-BF4B-00C04F79EFBC}") = "Manager.Domain", "src\Manager.Domain\Manager.Domain.csproj", "{B5A4D120-884A-4006-9984-A7224BA407FA}"
EndProject
Project("{FAE04EC0-301F-11D3-BF4B-00C04F79EFBC}") = "Manager.Infra", "src\Manager.Infra\Manager.Infra.csproj", "{A5042A31-31C1-4BEA-AAB6-E744F907F289}"
EndProject
Project("{FAE04EC0-301F-11D3-BF4B-00C04F79EFBC}") = "Manager.Services", "src\Manager.Services\Manager.Services.csproj", "{7408DAFB-BF37-4480-B5D0-A22367F02F02}"
EndProject
Global
	GlobalSection(SolutionConfigurationPlatforms) = preSolution
		Debug|Any CPU = Debug|Any CPU
		Debug|x64 = Debug|x64
		Debug|x86 = Debug|x86
		Release|Any CPU = Release|Any CPU
		Release|x64 = Release|x64
		Release|x86 = Release|x86
	EndGlobalSection
	GlobalSection(SolutionProperties) = preSolution
		HideSolutionNode = FALSE
	EndGlobalSection
	GlobalSection(ProjectConfigurationPlatforms) = postSolution
		{6CB357BB-356F-4401-9813-A7969A9AD561}.Debug|Any CPU.ActiveCfg = Debug|Any CPU
		{6CB357BB-356F-4401-9813-A7969A9AD561}.Debug|Any CPU.Build.0 = Debug|Any CPU
		{6CB357BB-356F-4401-9813-A7969A9AD561}.Debug|x64.ActiveCfg = Debug|Any CPU
		{6CB357BB-356F-4401-9813-A7969A9AD561}.Debug|x64.Build.0 = Debug|Any CPU
		{6CB357BB-356F-4401-9813-A7969A9AD561}.Debug|x86.ActiveCfg = Debug|Any CPU
		{6CB357BB-356F-4401-9813-A7969A9AD561}.Debug|x86.Build.0 = Debug|Any CPU
		{6CB357BB-356F-4401-9813-A7969A9AD561}.Release|Any CPU.ActiveCfg = Release|Any CPU
		{6CB357BB-356F-4401-9813-A7969A9AD561}.Release|Any CPU.Build.0 = Release|Any CPU
		{6CB357BB-356F-4401-9813-A7969A9AD561}.Release|x64.ActiveCfg = Release|Any CPU
		{6CB357BB-356F-4401-9813-A7969A9AD561}.Release|x64.Build.0 = Release|Any CPU
		{6CB357BB-356F-4401-9813-A7969A9AD561}.Release|x86.ActiveCfg = Release|Any CPU
		{6CB357BB-356F-4401-9813-A7969A9AD561}.Release|x86.Build.0 = Release|Any CPU
		{27ECBD0D-3FDB-4FB9-9696-C4C774EBEF98}.Debug|Any CPU.ActiveCfg = Debug|Any CPU
		{27ECBD0D-3FDB-4FB9-9696-C4C774EBEF98}.Debug|Any CPU.Build.0 = Debug|Any CPU
		{27ECBD0D-3FDB-4FB9-9696-C4C774EBEF98}.Debug|x64.ActiveCfg = Debug|Any CPU
		{27ECBD0D-3FDB-4FB9-9696-C4C774EBEF98}.Debug|x64.Build.0 = Debug|Any CPU
		{27ECBD0D-3FDB-4FB9-9696-C4C774EBEF98}.Debug|x86.ActiveCfg = Debug|Any CPU
		{27ECBD0D-3FDB-4FB9-9696-C4C774EBEF98}.Debug|x86.Build.0 = Debug|Any CPU
		{27ECBD0D-3FDB-4FB9-9696-C4C774EBEF98}.Release|Any CPU.ActiveCfg = Release|Any CPU
		{27ECBD0D-3FDB-4FB9-9696-C4C774EBEF98}.Release|Any CPU.Build.0 = Release|Any CPU
		{27ECBD0D-3FDB-4FB9-9696-C4C774EBEF98}.Release|x64.ActiveCfg = Release|Any CPU
		{27ECBD0D-3FDB-4FB9-9696-C4C774EBEF98}.Release|x64.Build.0 = Release|Any CPU
		{27ECBD0D-3FDB-4FB9-9696-C4C774EBEF98}.Release|x86.ActiveCfg = Release|Any CPU
		{27ECBD0D-3FDB-4FB9-9696-C4C774EBEF98}.Release|x86.Build.0 = Release|Any CPU
		{B5A4D120-884A-4006-9984-A7224BA407FA}.Debug|Any CPU.ActiveCfg = Debug|Any CPU
		{B5A4D120-884A-4006-9984-A7224BA407FA}.Debug|Any CPU.Build.0 = Debug|Any CPU
		{B5A4D120-884A-4006-9984-A7224BA407FA}.Debug|x64.ActiveCfg = Debug|Any CPU
		{B5A4D120-884A-4006-9984-A7224BA407FA}.Debug|x64.Build.0 = Debug|Any CPU
		{B5A4D120-884A-4006-9984-A7224BA407FA}.Debug|x86.ActiveCfg = Debug|Any CPU
		{B5A4D120-884A-4006-9984-A7224BA407FA}.Debug|x86.Build.0 = Debug|Any CPU
		{B5A4D120-884A-4006-9984-A7224BA407FA}.Release|Any CPU.ActiveCfg = Release|Any CPU
		{B5A4D120-884A-4006-9984-A7224BA407FA}.Release|Any CPU.Build.0 = Release|Any CPU
		{B5A4D120-884A-4006-9984-A7224BA407FA}.Release|x64.ActiveCfg = Release|Any CPU
		{B5A4D120-884A-4006-9984-A7224BA407FA}.Release|x64.Build.0 = Release|Any CPU
		{B5A4D120-884A-4006-9984-A7224BA407FA}.Release|x86.ActiveCfg = Release|Any CPU
		{B5A4D120-884A-4006-9984-A7224BA407FA}.Release|x86.Build.0 = Release|Any CPU
		{A5042A31-31C1-4BEA-AAB6-E744F907F289}.Debug|Any CPU.ActiveCfg = Debug|Any CPU
		{A5042A31-31C1-4BEA-AAB6-E744F907F289}.Debug|Any CPU.Build.0 = Debug|Any CPU
		{A5042A31-31C1-4BEA-AAB6-E744F907F289}.Debug|x64.ActiveCfg = Debug|Any CPU
		{A5042A31-31C1-4BEA-AAB6-E744F907F289}.Debug|x64.Build.0 = Debug|Any CPU
		{A5042A31-31C1-4BEA-AAB6-E744F907F289}.Debug|x86.ActiveCfg = Debug|Any CPU
		{A5042A31-31C1-4BEA-AAB6-E744F907F289}.Debug|x86.Build.0 = Debug|Any CPU
		{A5042A31-31C1-4BEA-AAB6-E744F907F289}.Release|Any CPU.ActiveCfg = Release|Any CPU
		{A5042A31-31C1-4BEA-AAB6-E744F907F289}.Release|Any CPU.Build.0 = Release|Any CPU
		{A5042A31-31C1-4BEA-AAB6-E744F907F289}.Release|x64.ActiveCfg = Release|Any CPU
		{A5042A31-31C1-4BEA-AAB6-E744F907F289}.Release|x64.Build.0 = Release|Any CPU
		{A5042A31-31C1-4BEA-AAB6-E744F907F289}.Release|x86.ActiveCfg = Release|Any CPU
		{A5042A31-31C1-4BEA-AAB6-E744F907F289}.Release|x86.Build.0 = Release|Any CPU
		{7408DAFB-BF37-4480-B5D0-A22367F02F02}.Debug|Any CPU.ActiveCfg = Debug|Any CPU
		{7408DAFB-BF37-4480-B5D0-A22367F02F02}.Debug|Any CPU.Build.0 = Debug|Any CPU
		{7408DAFB-BF37-4480-B5D0-A22367F02F02}.Debug|x64.ActiveCfg = Debug|Any CPU
		{7408DAFB-BF37-4480-B5D0-A22367F02F02}.Debug|x64.Build.0 = Debug|Any CPU
		{7408DAFB-BF37-4480-B5D0-A22367F02F02}.Debug|x86.ActiveCfg = Debug|Any CPU
		{7408DAFB-BF37-4480-B5D0-A22367F02F02}.Debug|x86.Build.0 = Debug|Any CPU
		{7408DAFB-BF37-4480-B5D0-A22367F02F02}.Release|Any CPU.ActiveCfg = Release|Any CPU
		{7408DAFB-BF37-4480-B5D0-A22367F02F02}.Release|Any CPU.Build.0 = Release|Any CPU
		{7408DAFB-BF37-4480-B5D0-A22367F02F02}.Release|x64.ActiveCfg = Release|Any CPU
		{7408DAFB-BF37-4480-B5D0-A22367F02F02}.Release|x64.Build.0 = Release|Any CPU
		{7408DAFB-BF37-4480-B5D0-A22367F02F02}.Release|x86.ActiveCfg = Release|Any CPU
		{7408DAFB-BF37-4480-B5D0-A22367F02F02}.Release|x86.Build.0 = Release|Any CPU
	EndGlobalSection
	GlobalSection(NestedProjects) = preSolution
		{6CB357BB-356F-4401-9813-A7969A9AD561} = {0CE9041F-820C-48F8-AA58-C8D3778F1B8F}
		{27ECBD0D-3FDB-4FB9-9696-C4C774EBEF98} = {0CE9041F-820C-48F8-AA58-C8D3778F1B8F}
		{B5A4D120-884A-4006-9984-A7224BA407FA} = {0CE9041F-820C-48F8-AA58-C8D3778F1B8F}
		{A5042A31-31C1-4BEA-AAB6-E744F907F289} = {0CE9041F-820C-48F8-AA58-C8D3778F1B8F}
		{7408DAFB-BF37-4480-B5D0-A22367F02F02} = {0CE9041F-820C-48F8-AA58-C8D3778F1B8F}
	EndGlobalSection
EndGlobal
